
Microsoft Visual Studio Solution File, Format Version 12.00
# Visual Studio 15
VisualStudioVersion = 15.0.27130.2027
MinimumVisualStudioVersion = 10.0.40219.1
Project("{FAE04EC0-301F-11D3-BF4B-00C04F79EFBC}") = "SfTreeGrid_SelectOnCheck", "SfTreeGrid_SelectOnCheck.csproj", "{A17C3A07-0E3F-46C3-84A9-8A012BABDB11}"
EndProject
Global
	GlobalSection(SolutionConfigurationPlatforms) = preSolution
		Debug|Any CPU = Debug|Any CPU
		Release|Any CPU = Release|Any CPU
		Release-XML|Any CPU = Release-XML|Any CPU
	EndGlobalSection
	GlobalSection(ProjectConfigurationPlatforms) = postSolution
		{A17C3A07-0E3F-46C3-84A9-8A012BABDB11}.Debug|Any CPU.ActiveCfg = Debug|Any CPU
		{A17C3A07-0E3F-46C3-84A9-8A012BABDB11}.Debug|Any CPU.Build.0 = Debug|Any CPU
		{A17C3A07-0E3F-46C3-84A9-8A012BABDB11}.Release|Any CPU.ActiveCfg = Release|Any CPU
		{A17C3A07-0E3F-46C3-84A9-8A012BABDB11}.Release|Any CPU.Build.0 = Release|Any CPU
		{A17C3A07-0E3F-46C3-84A9-8A012BABDB11}.Release-XML|Any CPU.ActiveCfg = Release|Any CPU
		{A17C3A07-0E3F-46C3-84A9-8A012BABDB11}.Release-XML|Any CPU.Build.0 = Release|Any CPU
	EndGlobalSection
	GlobalSection(SolutionProperties) = preSolution
		HideSolutionNode = FALSE
	EndGlobalSection
	GlobalSection(ExtensibilityGlobals) = postSolution
		SolutionGuid = {46ED5FEC-4760-4E1C-9789-2DADFD1FE858}
	EndGlobalSection
EndGlobal
